
Microsoft Visual Studio Solution File, Format Version 12.00
# Visual Studio Version 17
VisualStudioVersion = 17.8.34525.116
MinimumVisualStudioVersion = 10.0.40219.1
Project("{FAE04EC0-301F-11D3-BF4B-00C04F79EFBC}") = "list", "list\list.csproj", "{29AA2D7C-DB38-491D-AC67-8D65F8EC3631}"
EndProject
Global
	GlobalSection(SolutionConfigurationPlatforms) = preSolution
		Debug|Any CPU = Debug|Any CPU
		Release|Any CPU = Release|Any CPU
	EndGlobalSection
	GlobalSection(ProjectConfigurationPlatforms) = postSolution
		{29AA2D7C-DB38-491D-AC67-8D65F8EC3631}.Debug|Any CPU.ActiveCfg = Debug|Any CPU
		{29AA2D7C-DB38-491D-AC67-8D65F8EC3631}.Debug|Any CPU.Build.0 = Debug|Any CPU
		{29AA2D7C-DB38-491D-AC67-8D65F8EC3631}.Release|Any CPU.ActiveCfg = Release|Any CPU
		{29AA2D7C-DB38-491D-AC67-8D65F8EC3631}.Release|Any CPU.Build.0 = Release|Any CPU
	EndGlobalSection
	GlobalSection(SolutionProperties) = preSolution
		HideSolutionNode = FALSE
	EndGlobalSection
	GlobalSection(ExtensibilityGlobals) = postSolution
		SolutionGuid = {F2119285-9F96-496A-9AA9-024A8809D6C1}
	EndGlobalSection
EndGlobal
